NeoBundleLock neobundle.vim 0469b51d99cb52bf8d6c416b3ed6159a2cdaed9c
NeoBundleLock neomru.vim e72bef33c7f6af3d17c9968f9ac7bb2fda2a2bde
NeoBundleLock nerdtree af85499edace2acca27ce41790ac333f62b689bb
NeoBundleLock tcomment_vim 0262fdc53df2e6a24be91c10311dfaf1acd048fc
NeoBundleLock unite.vim 662f83d3789ecf320ddcb04f7023def3a8167802
NeoBundleLock vim-autoclose a9a3b7384657bc1f60a963fd6c08c63fc48d61c3
NeoBundleLock vim-endwise c72da7022cff99016821d9c2b66565bdb0f73c6c
NeoBundleLock vim-fugitive 21b6dd7aeec3e4bc96d7b32cd594b7818c0c4082
NeoBundleLock vim-slim 0daaa8581f9a9968cebbc7d14ae9acf1625c0389
